
Microsoft Visual Studio Solution File, Format Version 12.00
# Visual Studio Version 16
VisualStudioVersion = 16.0.31515.178
MinimumVisualStudioVersion = 10.0.40219.1
Project("{FAE04EC0-301F-11D3-BF4B-00C04F79EFBC}") = "WPFProject", "WPFProject\WPFProject.csproj", "{AD56517A-C7BB-45D3-994E-FA6A1338AC5E}"
EndProject
Project("{2150E333-8FDC-42A3-9474-1A3956D46DE8}") = "Images", "Images", "{CC9CACE2-D814-4637-8C2B-C08013991B93}"
	ProjectSection(SolutionItems) = preProject
		..\..\..\..\Desktop\4.jpg = ..\..\..\..\Desktop\4.jpg
	EndProjectSection
EndProject
Global
	GlobalSection(SolutionConfigurationPlatforms) = preSolution
		Debug|Any CPU = Debug|Any CPU
		Release|Any CPU = Release|Any CPU
	EndGlobalSection
	GlobalSection(ProjectConfigurationPlatforms) = postSolution
		{AD56517A-C7BB-45D3-994E-FA6A1338AC5E}.Debug|Any CPU.ActiveCfg = Debug|Any CPU
		{AD56517A-C7BB-45D3-994E-FA6A1338AC5E}.Debug|Any CPU.Build.0 = Debug|Any CPU
		{AD56517A-C7BB-45D3-994E-FA6A1338AC5E}.Release|Any CPU.ActiveCfg = Release|Any CPU
		{AD56517A-C7BB-45D3-994E-FA6A1338AC5E}.Release|Any CPU.Build.0 = Release|Any CPU
	EndGlobalSection
	GlobalSection(SolutionProperties) = preSolution
		HideSolutionNode = FALSE
	EndGlobalSection
	GlobalSection(ExtensibilityGlobals) = postSolution
		SolutionGuid = {AFDF037B-5AA5-47BC-9500-36A876278C87}
	EndGlobalSection
EndGlobal
